github.com/komish/vendor-demo-mod-3 v0.0.0-20201006143552-d138bd16aa67 h1:DgYeniH8Ob+ES6jCwezhmet8CuucWL7vCYZwis34TcY=
github.com/komish/vendor-demo-mod-3 v0.0.0-20201006143552-d138bd16aa67/go.mod h1:OuHtB5dr349Z8mOHu2j7b8n5cdRd53KgxUfGDiiYyB8=
github.com/komish/vendor-demo-mod-3 v0.0.0-20201006150139-edf88b57289d h1:Kw1XqyeZ36F0JO8IOKFm0kkMsnSuqlhu3pDKczXhAK4=
github.com/komish/vendor-demo-mod-3 v0.0.0-20201006150139-edf88b57289d/go.mod h1:QWc6Nomo/iVfQvaRSeObrn4jxUbJMGC7rFEvBJDt7aM=
