github.com/komish/vendor-demo-mod-3 v0.0.0-20201006150139-edf88b57289d h1:Kw1XqyeZ36F0JO8IOKFm0kkMsnSuqlhu3pDKczXhAK4=
github.com/komish/vendor-demo-mod-3 v0.0.0-20201006150139-edf88b57289d/go.mod h1:QWc6Nomo/iVfQvaRSeObrn4jxUbJMGC7rFEvBJDt7aM=
github.com/komish/vendor-demo-mod-3 v0.0.0-20201006154538-3e52d9a01cf8 h1:XX2AX9IKvlprTzy1e9Zf6vRKW6CH+QZCMYbvLbQPBOA=
github.com/komish/vendor-demo-mod-3 v0.0.0-20201006154538-3e52d9a01cf8/go.mod h1:QWc6Nomo/iVfQvaRSeObrn4jxUbJMGC7rFEvBJDt7aM=
